
Microsoft Visual Studio Solution File, Format Version 12.00
# Visual Studio 15
VisualStudioVersion = 15.0.28307.1062
MinimumVisualStudioVersion = 10.0.40219.1
Project("{FAE04EC0-301F-11D3-BF4B-00C04F79EFBC}") = "AngularJSAuthentication", "AngularJSAuthentication\AngularJSAuthentication.csproj", "{055A66BE-A00D-499E-BFF7-DB7CAC3CE7CA}"
EndProject
Project("{FAE04EC0-301F-11D3-BF4B-00C04F79EFBC}") = "WebModel", "WebModel\WebModel.csproj", "{97B377D4-FDF1-4177-B7A2-61D031188BA7}"
EndProject
Project("{FAE04EC0-301F-11D3-BF4B-00C04F79EFBC}") = "GenericServices", "GenericServices\GenericServices.csproj", "{88880BF0-7A0D-4F39-BB52-B09B9B7AFEA5}"
EndProject
Global
	GlobalSection(SolutionConfigurationPlatforms) = preSolution
		Debug|Any CPU = Debug|Any CPU
		Release|Any CPU = Release|Any CPU
	EndGlobalSection
	GlobalSection(ProjectConfigurationPlatforms) = postSolution
		{055A66BE-A00D-499E-BFF7-DB7CAC3CE7CA}.Debug|Any CPU.ActiveCfg = Debug|Any CPU
		{055A66BE-A00D-499E-BFF7-DB7CAC3CE7CA}.Debug|Any CPU.Build.0 = Debug|Any CPU
		{055A66BE-A00D-499E-BFF7-DB7CAC3CE7CA}.Release|Any CPU.ActiveCfg = Release|Any CPU
		{055A66BE-A00D-499E-BFF7-DB7CAC3CE7CA}.Release|Any CPU.Build.0 = Release|Any CPU
		{97B377D4-FDF1-4177-B7A2-61D031188BA7}.Debug|Any CPU.ActiveCfg = Debug|Any CPU
		{97B377D4-FDF1-4177-B7A2-61D031188BA7}.Debug|Any CPU.Build.0 = Debug|Any CPU
		{97B377D4-FDF1-4177-B7A2-61D031188BA7}.Release|Any CPU.ActiveCfg = Release|Any CPU
		{97B377D4-FDF1-4177-B7A2-61D031188BA7}.Release|Any CPU.Build.0 = Release|Any CPU
		{88880BF0-7A0D-4F39-BB52-B09B9B7AFEA5}.Debug|Any CPU.ActiveCfg = Debug|Any CPU
		{88880BF0-7A0D-4F39-BB52-B09B9B7AFEA5}.Debug|Any CPU.Build.0 = Debug|Any CPU
		{88880BF0-7A0D-4F39-BB52-B09B9B7AFEA5}.Release|Any CPU.ActiveCfg = Release|Any CPU
		{88880BF0-7A0D-4F39-BB52-B09B9B7AFEA5}.Release|Any CPU.Build.0 = Release|Any CPU
	EndGlobalSection
	GlobalSection(SolutionProperties) = preSolution
		HideSolutionNode = FALSE
	EndGlobalSection
	GlobalSection(ExtensibilityGlobals) = postSolution
		SolutionGuid = {E9BD4216-E3EE-4A3D-AAB5-A79CD453B940}
	EndGlobalSection
EndGlobal
